
Microsoft Visual Studio Solution File, Format Version 12.00
# Visual Studio Version 17
VisualStudioVersion = 17.7.34031.279
MinimumVisualStudioVersion = 10.0.40219.1
Project("{9A19103F-16F7-4668-BE54-9A1E7A4F7556}") = "FL2023-MIS521-Assignment2-epaddock", "FL2023-MIS521-Assignment2-epaddock.csproj", "{F59B8C2D-44C8-4EE2-8AF7-7E4F1348E2C3}"
EndProject
Global
	GlobalSection(SolutionConfigurationPlatforms) = preSolution
		Debug|Any CPU = Debug|Any CPU
		Release|Any CPU = Release|Any CPU
	EndGlobalSection
	GlobalSection(ProjectConfigurationPlatforms) = postSolution
		{F59B8C2D-44C8-4EE2-8AF7-7E4F1348E2C3}.Debug|Any CPU.ActiveCfg = Debug|Any CPU
		{F59B8C2D-44C8-4EE2-8AF7-7E4F1348E2C3}.Debug|Any CPU.Build.0 = Debug|Any CPU
		{F59B8C2D-44C8-4EE2-8AF7-7E4F1348E2C3}.Release|Any CPU.ActiveCfg = Release|Any CPU
		{F59B8C2D-44C8-4EE2-8AF7-7E4F1348E2C3}.Release|Any CPU.Build.0 = Release|Any CPU
	EndGlobalSection
	GlobalSection(SolutionProperties) = preSolution
		HideSolutionNode = FALSE
	EndGlobalSection
	GlobalSection(ExtensibilityGlobals) = postSolution
		SolutionGuid = {69113777-7A73-42A9-A192-68793A3C9D77}
	EndGlobalSection
EndGlobal
